
Microsoft Visual Studio Solution File, Format Version 12.00
# Visual Studio Version 16
VisualStudioVersion = 16.0.30517.126
MinimumVisualStudioVersion = 10.0.40219.1
Project("{FAE04EC0-301F-11D3-BF4B-00C04F79EFBC}") = "StoreAPI", "StoreAPI\StoreAPI.csproj", "{52D6F7A4-8FBC-4E63-ACDA-B604D5C7C2EB}"
EndProject
Global
	GlobalSection(SolutionConfigurationPlatforms) = preSolution
		Debug|Any CPU = Debug|Any CPU
		Release|Any CPU = Release|Any CPU
	EndGlobalSection
	GlobalSection(ProjectConfigurationPlatforms) = postSolution
		{52D6F7A4-8FBC-4E63-ACDA-B604D5C7C2EB}.Debug|Any CPU.ActiveCfg = Debug|Any CPU
		{52D6F7A4-8FBC-4E63-ACDA-B604D5C7C2EB}.Debug|Any CPU.Build.0 = Debug|Any CPU
		{52D6F7A4-8FBC-4E63-ACDA-B604D5C7C2EB}.Release|Any CPU.ActiveCfg = Release|Any CPU
		{52D6F7A4-8FBC-4E63-ACDA-B604D5C7C2EB}.Release|Any CPU.Build.0 = Release|Any CPU
	EndGlobalSection
	GlobalSection(SolutionProperties) = preSolution
		HideSolutionNode = FALSE
	EndGlobalSection
	GlobalSection(ExtensibilityGlobals) = postSolution
		SolutionGuid = {6DF21902-09E3-489A-AD95-22985C04F1C7}
	EndGlobalSection
EndGlobal
